// !$*UTF8*$!
{
	archiveVersion = 1;
	classes = {
	};
	objectVersion = 50;
	objects = {

/* Begin PBXBuildFile section */
		786CFB2A225E3BD900254D48 /* AppDelegate.swift in Sources */ = {isa = PBXBuildFile; fileRef = 786CFB29225E3BD900254D48 /* AppDelegate.swift */; };
		786CFB2C225E3BD900254D48 /* ViewController.swift in Sources */ = {isa = PBXBuildFile; fileRef = 786CFB2B225E3BD900254D48 /* ViewController.swift */; };
		786CFB2F225E3BD900254D48 /* Main.storyboard in Resources */ = {isa = PBXBuildFile; fileRef = 786CFB2D225E3BD900254D48 /* Main.storyboard */; };
		786CFB31225E3BDB00254D48 /* Assets.xcassets in Resources */ = {isa = PBXBuildFile; fileRef = 786CFB30225E3BDB00254D48 /* Assets.xcassets */; };
		786CFB34225E3BDB00254D48 /* LaunchScreen.storyboard in Resources */ = {isa = PBXBuildFile; fileRef = 786CFB32225E3BDB00254D48 /* LaunchScreen.storyboard */; };
		786CFB3F225E3C2C00254D48 /* ZBTabBarController.swift in Sources */ = {isa = PBXBuildFile; fileRef = 786CFB3C225E3C2B00254D48 /* ZBTabBarController.swift */; };
		786CFB40225E3C2C00254D48 /* ZBTabBar.swift in Sources */ = {isa = PBXBuildFile; fileRef = 786CFB3D225E3C2C00254D48 /* ZBTabBar.swift */; };
		786CFB41225E3C2C00254D48 /* ZBNavigationController.swift in Sources */ = {isa = PBXBuildFile; fileRef = 786CFB3E225E3C2C00254D48 /* ZBNavigationController.swift */; };
		786CFB4F225E3C3A00254D48 /* HomeViewController.swift in Sources */ = {isa = PBXBuildFile; fileRef = 786CFB45225E3C3A00254D48 /* HomeViewController.swift */; };
		786CFB52225E3C3A00254D48 /* MineViewController.swift in Sources */ = {isa = PBXBuildFile; fileRef = 786CFB4E225E3C3A00254D48 /* MineViewController.swift */; };
		786CFB56225E402000254D48 /* FoundViewController.swift in Sources */ = {isa = PBXBuildFile; fileRef = 786CFB55225E402000254D48 /* FoundViewController.swift */; };
		786CFB58225E402B00254D48 /* RankViewController.swift in Sources */ = {isa = PBXBuildFile; fileRef = 786CFB57225E402B00254D48 /* RankViewController.swift */; };
		78932EE2227C2ED300780DEB /* types.plist in Resources */ = {isa = PBXBuildFile; fileRef = 78932EE1227C2ED300780DEB /* types.plist */; };
		78932EE8227C30B000780DEB /* BaseModel.swift in Sources */ = {isa = PBXBuildFile; fileRef = 78932EE7227C30B000780DEB /* BaseModel.swift */; };
		78932EF3227C321900780DEB /* ZBTitleView.swift in Sources */ = {isa = PBXBuildFile; fileRef = 78932EEF227C321800780DEB /* ZBTitleView.swift */; };
		78932EF4227C321900780DEB /* ZBTitleStyle.swift in Sources */ = {isa = PBXBuildFile; fileRef = 78932EF0227C321800780DEB /* ZBTitleStyle.swift */; };
		78932EF5227C321900780DEB /* ZBContentView.swift in Sources */ = {isa = PBXBuildFile; fileRef = 78932EF1227C321800780DEB /* ZBContentView.swift */; };
		78932EF6227C321900780DEB /* ZBPageView.swift in Sources */ = {isa = PBXBuildFile; fileRef = 78932EF2227C321900780DEB /* ZBPageView.swift */; };
		78932EF8227C348A00780DEB /* NSDate+Extension.swift in Sources */ = {isa = PBXBuildFile; fileRef = 78932EF7227C348A00780DEB /* NSDate+Extension.swift */; };
		78932EFE227C351300780DEB /* ZBWaterFlowLayout.swift in Sources */ = {isa = PBXBuildFile; fileRef = 78932EFD227C351300780DEB /* ZBWaterFlowLayout.swift */; };
		78932F01227C36F500780DEB /* NetworkTools.swift in Sources */ = {isa = PBXBuildFile; fileRef = 78932F00227C36F500780DEB /* NetworkTools.swift */; };
		78932F03227C399800780DEB /* KingfisherExtension.swift in Sources */ = {isa = PBXBuildFile; fileRef = 78932F02227C399800780DEB /* KingfisherExtension.swift */; };
		78932F05227C3BD100780DEB /* HomeViewModel.swift in Sources */ = {isa = PBXBuildFile; fileRef = 78932F04227C3BD100780DEB /* HomeViewModel.swift */; };
		78932F07227C3C1500780DEB /* HomeType.swift in Sources */ = {isa = PBXBuildFile; fileRef = 78932F06227C3C1500780DEB /* HomeType.swift */; };
		78932F09227C3C3600780DEB /* AnchorModel.swift in Sources */ = {isa = PBXBuildFile; fileRef = 78932F08227C3C3600780DEB /* AnchorModel.swift */; };
		78932F0B227C3D3500780DEB /* AnchorViewController.swift in Sources */ = {isa = PBXBuildFile; fileRef = 78932F0A227C3D3500780DEB /* AnchorViewController.swift */; };
		78932F0E227C485100780DEB /* HomeViewCell.swift in Sources */ = {isa = PBXBuildFile; fileRef = 78932F0C227C485100780DEB /* HomeViewCell.swift */; };
		78932F0F227C485100780DEB /* HomeViewCell.xib in Resources */ = {isa = PBXBuildFile; fileRef = 78932F0D227C485100780DEB /* HomeViewCell.xib */; };
		78932F13227C5E6000780DEB /* RoomViewController.swift in Sources */ = {isa = PBXBuildFile; fileRef = 78932F11227C5E6000780DEB /* RoomViewController.swift */; };
		78932F14227C5E6000780DEB /* RoomViewController.xib in Resources */ = {isa = PBXBuildFile; fileRef = 78932F12227C5E6000780DEB /* RoomViewController.xib */; };
		78DBA642225FAD3A00FD155D /* UIColor+ZBExtension.swift in Sources */ = {isa = PBXBuildFile; fileRef = 78DBA641225FAD3A00FD155D /* UIColor+ZBExtension.swift */; };
		78DBA646225FAD5700FD155D /* ZBAPIConst.swift in Sources */ = {isa = PBXBuildFile; fileRef = 78DBA644225FAD5700FD155D /* ZBAPIConst.swift */; };
		78DBA647225FAD5700FD155D /* ZBUIConst.swift in Sources */ = {isa = PBXBuildFile; fileRef = 78DBA645225FAD5700FD155D /* ZBUIConst.swift */; };
		78F574E1227D501600CE0D38 /* EmitterHandle.swift in Sources */ = {isa = PBXBuildFile; fileRef = 78F574E0227D501600CE0D38 /* EmitterHandle.swift */; };
		AF443089BA66018E5505F9C4 /* Pods_LiveStream.framework in Frameworks */ = {isa = PBXBuildFile; fileRef = 8EC9C78DCBEC4918C3B8BC12 /* Pods_LiveStream.framework */; };
		D19B1682227F2C6B003360E4 /* NibLoadable.swift in Sources */ = {isa = PBXBuildFile; fileRef = D19B1681227F2C6B003360E4 /* NibLoadable.swift */; };
		FF8CA98D228C07EF00EC5186 /* ZBPageCollectionViewFlowLayout.swift in Sources */ = {isa = PBXBuildFile; fileRef = FF8CA98B228C07EF00EC5186 /* ZBPageCollectionViewFlowLayout.swift */; };
		FF8CA98E228C07EF00EC5186 /* ZBPageCollectionView.swift in Sources */ = {isa = PBXBuildFile; fileRef = FF8CA98C228C07EF00EC5186 /* ZBPageCollectionView.swift */; };
/* End PBXBuildFile section */

/* Begin PBXFileReference section */
		1D87CE73020D5B945B3BB34D /* Pods-LiveStream.release.xcconfig */ = {isa = PBXFileReference; includeInIndex = 1; lastKnownFileType = text.xcconfig; name = "Pods-LiveStream.release.xcconfig"; path = "Target Support Files/Pods-LiveStream/Pods-LiveStream.release.xcconfig"; sourceTree = "<group>"; };
		786CFB26225E3BD900254D48 /* LiveStream.app */ = {isa = PBXFileReference; explicitFileType = wrapper.application; includeInIndex = 0; path = LiveStream.app; sourceTree = BUILT_PRODUCTS_DIR; };
		786CFB29225E3BD900254D48 /* AppDelegate.swift */ = {isa = PBXFileReference; lastKnownFileType = sourcecode.swift; path = AppDelegate.swift; sourceTree = "<group>"; };
		786CFB2B225E3BD900254D48 /* ViewController.swift */ = {isa = PBXFileReference; lastKnownFileType = sourcecode.swift; path = ViewController.swift; sourceTree = "<group>"; };
		786CFB2E225E3BD900254D48 /* Base */ = {isa = PBXFileReference; lastKnownFileType = file.storyboard; name = Base; path = Base.lproj/Main.storyboard; sourceTree = "<group>"; };
		786CFB30225E3BDB00254D48 /* Assets.xcassets */ = {isa = PBXFileReference; lastKnownFileType = folder.assetcatalog; path = Assets.xcassets; sourceTree = "<group>"; };
		786CFB33225E3BDB00254D48 /* Base */ = {isa = PBXFileReference; lastKnownFileType = file.storyboard; name = Base; path = Base.lproj/LaunchScreen.storyboard; sourceTree = "<group>"; };
		786CFB35225E3BDB00254D48 /* Info.plist */ = {isa = PBXFileReference; lastKnownFileType = text.plist.xml; path = Info.plist; sourceTree = "<group>"; };
		786CFB3C225E3C2B00254D48 /* ZBTabBarController.swift */ = {isa = PBXFileReference; fileEncoding = 4; lastKnownFileType = sourcecode.swift; path = ZBTabBarController.swift; sourceTree = "<group>"; };
		786CFB3D225E3C2C00254D48 /* ZBTabBar.swift */ = {isa = PBXFileReference; fileEncoding = 4; lastKnownFileType = sourcecode.swift; path = ZBTabBar.swift; sourceTree = "<group>"; };
		786CFB3E225E3C2C00254D48 /* ZBNavigationController.swift */ = {isa = PBXFileReference; fileEncoding = 4; lastKnownFileType = sourcecode.swift; path = ZBNavigationController.swift; sourceTree = "<group>"; };
		786CFB45225E3C3A00254D48 /* HomeViewController.swift */ = {isa = PBXFileReference; fileEncoding = 4; lastKnownFileType = sourcecode.swift; path = HomeViewController.swift; sourceTree = "<group>"; };
		786CFB4E225E3C3A00254D48 /* MineViewController.swift */ = {isa = PBXFileReference; fileEncoding = 4; lastKnownFileType = sourcecode.swift; path = MineViewController.swift; sourceTree = "<group>"; };
		786CFB55225E402000254D48 /* FoundViewController.swift */ = {isa = PBXFileReference; lastKnownFileType = sourcecode.swift; path = FoundViewController.swift; sourceTree = "<group>"; };
		786CFB57225E402B00254D48 /* RankViewController.swift */ = {isa = PBXFileReference; lastKnownFileType = sourcecode.swift; path = RankViewController.swift; sourceTree = "<group>"; };
		78932EE1227C2ED300780DEB /* types.plist */ = {isa = PBXFileReference; fileEncoding = 4; lastKnownFileType = text.plist.xml; path = types.plist; sourceTree = "<group>"; };
		78932EE7227C30B000780DEB /* BaseModel.swift */ = {isa = PBXFileReference; lastKnownFileType = sourcecode.swift; path = BaseModel.swift; sourceTree = "<group>"; };
		78932EEF227C321800780DEB /* ZBTitleView.swift */ = {isa = PBXFileReference; fileEncoding = 4; lastKnownFileType = sourcecode.swift; path = ZBTitleView.swift; sourceTree = "<group>"; };
		78932EF0227C321800780DEB /* ZBTitleStyle.swift */ = {isa = PBXFileReference; fileEncoding = 4; lastKnownFileType = sourcecode.swift; path = ZBTitleStyle.swift; sourceTree = "<group>"; };
		78932EF1227C321800780DEB /* ZBContentView.swift */ = {isa = PBXFileReference; fileEncoding = 4; lastKnownFileType = sourcecode.swift; path = ZBContentView.swift; sourceTree = "<group>"; };
		78932EF2227C321900780DEB /* ZBPageView.swift */ = {isa = PBXFileReference; fileEncoding = 4; lastKnownFileType = sourcecode.swift; path = ZBPageView.swift; sourceTree = "<group>"; };
		78932EF7227C348A00780DEB /* NSDate+Extension.swift */ = {isa = PBXFileReference; lastKnownFileType = sourcecode.swift; path = "NSDate+Extension.swift"; sourceTree = "<group>"; };
		78932EFD227C351300780DEB /* ZBWaterFlowLayout.swift */ = {isa = PBXFileReference; fileEncoding = 4; lastKnownFileType = sourcecode.swift; path = ZBWaterFlowLayout.swift; sourceTree = "<group>"; };
		78932F00227C36F500780DEB /* NetworkTools.swift */ = {isa = PBXFileReference; lastKnownFileType = sourcecode.swift; path = NetworkTools.swift; sourceTree = "<group>"; };
		78932F02227C399800780DEB /* KingfisherExtension.swift */ = {isa = PBXFileReference; lastKnownFileType = sourcecode.swift; path = KingfisherExtension.swift; sourceTree = "<group>"; };
		78932F04227C3BD100780DEB /* HomeViewModel.swift */ = {isa = PBXFileReference; lastKnownFileType = sourcecode.swift; path = HomeViewModel.swift; sourceTree = "<group>"; };
		78932F06227C3C1500780DEB /* HomeType.swift */ = {isa = PBXFileReference; lastKnownFileType = sourcecode.swift; path = HomeType.swift; sourceTree = "<group>"; };
		78932F08227C3C3600780DEB /* AnchorModel.swift */ = {isa = PBXFileReference; lastKnownFileType = sourcecode.swift; path = AnchorModel.swift; sourceTree = "<group>"; };
		78932F0A227C3D3500780DEB /* AnchorViewController.swift */ = {isa = PBXFileReference; lastKnownFileType = sourcecode.swift; path = AnchorViewController.swift; sourceTree = "<group>"; };
		78932F0C227C485100780DEB /* HomeViewCell.swift */ = {isa = PBXFileReference; lastKnownFileType = sourcecode.swift; path = HomeViewCell.swift; sourceTree = "<group>"; };
		78932F0D227C485100780DEB /* HomeViewCell.xib */ = {isa = PBXFileReference; lastKnownFileType = file.xib; path = HomeViewCell.xib; sourceTree = "<group>"; };
		78932F11227C5E6000780DEB /* RoomViewController.swift */ = {isa = PBXFileReference; lastKnownFileType = sourcecode.swift; path = RoomViewController.swift; sourceTree = "<group>"; };
		78932F12227C5E6000780DEB /* RoomViewController.xib */ = {isa = PBXFileReference; lastKnownFileType = file.xib; path = RoomViewController.xib; sourceTree = "<group>"; };
		78DBA641225FAD3A00FD155D /* UIColor+ZBExtension.swift */ = {isa = PBXFileReference; fileEncoding = 4; lastKnownFileType = sourcecode.swift; path = "UIColor+ZBExtension.swift"; sourceTree = "<group>"; };
		78DBA644225FAD5700FD155D /* ZBAPIConst.swift */ = {isa = PBXFileReference; fileEncoding = 4; lastKnownFileType = sourcecode.swift; path = ZBAPIConst.swift; sourceTree = "<group>"; };
		78DBA645225FAD5700FD155D /* ZBUIConst.swift */ = {isa = PBXFileReference; fileEncoding = 4; lastKnownFileType = sourcecode.swift; path = ZBUIConst.swift; sourceTree = "<group>"; };
		78F574E0227D501600CE0D38 /* EmitterHandle.swift */ = {isa = PBXFileReference; fileEncoding = 4; lastKnownFileType = sourcecode.swift; path = EmitterHandle.swift; sourceTree = "<group>"; };
		8EC9C78DCBEC4918C3B8BC12 /* Pods_LiveStream.framework */ = {isa = PBXFileReference; explicitFileType = wrapper.framework; includeInIndex = 0; path = Pods_LiveStream.framework; sourceTree = BUILT_PRODUCTS_DIR; };
		D19B1681227F2C6B003360E4 /* NibLoadable.swift */ = {isa = PBXFileReference; lastKnownFileType = sourcecode.swift; path = NibLoadable.swift; sourceTree = "<group>"; };
		D6D542C983F6FDB6D112190C /* Pods-LiveStream.debug.xcconfig */ = {isa = PBXFileReference; includeInIndex = 1; lastKnownFileType = text.xcconfig; name = "Pods-LiveStream.debug.xcconfig"; path = "Target Support Files/Pods-LiveStream/Pods-LiveStream.debug.xcconfig"; sourceTree = "<group>"; };
		FF8CA98B228C07EF00EC5186 /* ZBPageCollectionViewFlowLayout.swift */ = {isa = PBXFileReference; fileEncoding = 4; lastKnownFileType = sourcecode.swift; path = ZBPageCollectionViewFlowLayout.swift; sourceTree = "<group>"; };
		FF8CA98C228C07EF00EC5186 /* ZBPageCollectionView.swift */ = {isa = PBXFileReference; fileEncoding = 4; lastKnownFileType = sourcecode.swift; path = ZBPageCollectionView.swift; sourceTree = "<group>"; };
/* End PBXFileReference section */

/* Begin PBXFrameworksBuildPhase section */
		786CFB23225E3BD900254D48 /* Frameworks */ = {
			isa = PBXFrameworksBuildPhase;
			buildActionMask = 2147483647;
			files = (
				AF443089BA66018E5505F9C4 /* Pods_LiveStream.framework in Frameworks */,
			);
			runOnlyForDeploymentPostprocessing = 0;
		};
/* End PBXFrameworksBuildPhase section */

/* Begin PBXGroup section */
		786CFB1D225E3BD900254D48 = {
			isa = PBXGroup;
			children = (
				786CFB28225E3BD900254D48 /* LiveStream */,
				786CFB27225E3BD900254D48 /* Products */,
				9FCD3747EF4D7C9C12CB35F6 /* Pods */,
				D26BE0B0D586A744053F733A /* Frameworks */,
			);
			sourceTree = "<group>";
		};
		786CFB27225E3BD900254D48 /* Products */ = {
			isa = PBXGroup;
			children = (
				786CFB26225E3BD900254D48 /* LiveStream.app */,
			);
			name = Products;
			sourceTree = "<group>";
		};
		786CFB28225E3BD900254D48 /* LiveStream */ = {
			isa = PBXGroup;
			children = (
				78F574DF227D4FF800CE0D38 /* Protocol */,
				78932EFF227C365300780DEB /* Tools */,
				78932EED227C31CC00780DEB /* Vendors */,
				78932EE3227C2F7700780DEB /* Base */,
				78932EE0227C2EC300780DEB /* Resource */,
				78DBA643225FAD5700FD155D /* Config */,
				78DBA640225FAD3A00FD155D /* Extension */,
				786CFB42225E3C3A00254D48 /* Feature */,
				786CFB3B225E3C1800254D48 /* App */,
				786CFB2B225E3BD900254D48 /* ViewController.swift */,
				786CFB2D225E3BD900254D48 /* Main.storyboard */,
				786CFB30225E3BDB00254D48 /* Assets.xcassets */,
				786CFB32225E3BDB00254D48 /* LaunchScreen.storyboard */,
				786CFB35225E3BDB00254D48 /* Info.plist */,
			);
			path = LiveStream;
			sourceTree = "<group>";
		};
		786CFB3B225E3C1800254D48 /* App */ = {
			isa = PBXGroup;
			children = (
				786CFB3E225E3C2C00254D48 /* ZBNavigationController.swift */,
				786CFB3D225E3C2C00254D48 /* ZBTabBar.swift */,
				786CFB3C225E3C2B00254D48 /* ZBTabBarController.swift */,
				786CFB29225E3BD900254D48 /* AppDelegate.swift */,
			);
			path = App;
			sourceTree = "<group>";
		};
		786CFB42225E3C3A00254D48 /* Feature */ = {
			isa = PBXGroup;
			children = (
				78932F10227C5E4A00780DEB /* Live */,
				786CFB54225E400300254D48 /* Found */,
				786CFB53225E3FFC00254D48 /* Rank */,
				786CFB43225E3C3A00254D48 /* Home */,
				786CFB4C225E3C3A00254D48 /* Mine */,
			);
			path = Feature;
			sourceTree = "<group>";
		};
		786CFB43225E3C3A00254D48 /* Home */ = {
			isa = PBXGroup;
			children = (
				78932EFC227C34F400780DEB /* Other */,
				78932EFB227C34ED00780DEB /* View */,
				78932EFA227C34E000780DEB /* Model */,
				78932EF9227C34D800780DEB /* ViewModel */,
				786CFB44225E3C3A00254D48 /* Controller */,
			);
			path = Home;
			sourceTree = "<group>";
		};
		786CFB44225E3C3A00254D48 /* Controller */ = {
			isa = PBXGroup;
			children = (
				78932F0A227C3D3500780DEB /* AnchorViewController.swift */,
				786CFB45225E3C3A00254D48 /* HomeViewController.swift */,
			);
			path = Controller;
			sourceTree = "<group>";
		};
		786CFB4C225E3C3A00254D48 /* Mine */ = {
			isa = PBXGroup;
			children = (
				786CFB4D225E3C3A00254D48 /* Controller */,
			);
			path = Mine;
			sourceTree = "<group>";
		};
		786CFB4D225E3C3A00254D48 /* Controller */ = {
			isa = PBXGroup;
			children = (
				786CFB4E225E3C3A00254D48 /* MineViewController.swift */,
			);
			path = Controller;
			sourceTree = "<group>";
		};
		786CFB53225E3FFC00254D48 /* Rank */ = {
			isa = PBXGroup;
			children = (
				786CFB57225E402B00254D48 /* RankViewController.swift */,
			);
			path = Rank;
			sourceTree = "<group>";
		};
		786CFB54225E400300254D48 /* Found */ = {
			isa = PBXGroup;
			children = (
				786CFB55225E402000254D48 /* FoundViewController.swift */,
			);
			path = Found;
			sourceTree = "<group>";
		};
		78932EE0227C2EC300780DEB /* Resource */ = {
			isa = PBXGroup;
			children = (
				78932EE1227C2ED300780DEB /* types.plist */,
			);
			path = Resource;
			sourceTree = "<group>";
		};
		78932EE3227C2F7700780DEB /* Base */ = {
			isa = PBXGroup;
			children = (
				78932EEC227C30D200780DEB /* Controller */,
				78932EEB227C30C900780DEB /* View */,
				78932EEA227C30C200780DEB /* ViewModel */,
				78932EE9227C30B700780DEB /* Model */,
			);
			path = Base;
			sourceTree = "<group>";
		};
		78932EE9227C30B700780DEB /* Model */ = {
			isa = PBXGroup;
			children = (
				78932EE7227C30B000780DEB /* BaseModel.swift */,
			);
			path = Model;
			sourceTree = "<group>";
		};
		78932EEA227C30C200780DEB /* ViewModel */ = {
			isa = PBXGroup;
			children = (
			);
			path = ViewModel;
			sourceTree = "<group>";
		};
		78932EEB227C30C900780DEB /* View */ = {
			isa = PBXGroup;
			children = (
			);
			path = View;
			sourceTree = "<group>";
		};
		78932EEC227C30D200780DEB /* Controller */ = {
			isa = PBXGroup;
			children = (
			);
			path = Controller;
			sourceTree = "<group>";
		};
		78932EED227C31CC00780DEB /* Vendors */ = {
			isa = PBXGroup;
			children = (
				78932EEE227C31D500780DEB /* ZBPageView */,
			);
			path = Vendors;
			sourceTree = "<group>";
		};
		78932EEE227C31D500780DEB /* ZBPageView */ = {
			isa = PBXGroup;
			children = (
				FF8CA98C228C07EF00EC5186 /* ZBPageCollectionView.swift */,
				FF8CA98B228C07EF00EC5186 /* ZBPageCollectionViewFlowLayout.swift */,
				78932EF2227C321900780DEB /* ZBPageView.swift */,
				78932EF1227C321800780DEB /* ZBContentView.swift */,
				78932EEF227C321800780DEB /* ZBTitleView.swift */,
				78932EF0227C321800780DEB /* ZBTitleStyle.swift */,
			);
			path = ZBPageView;
			sourceTree = "<group>";
		};
		78932EF9227C34D800780DEB /* ViewModel */ = {
			isa = PBXGroup;
			children = (
				78932F04227C3BD100780DEB /* HomeViewModel.swift */,
			);
			path = ViewModel;
			sourceTree = "<group>";
		};
		78932EFA227C34E000780DEB /* Model */ = {
			isa = PBXGroup;
			children = (
				78932F06227C3C1500780DEB /* HomeType.swift */,
				78932F08227C3C3600780DEB /* AnchorModel.swift */,
			);
			path = Model;
			sourceTree = "<group>";
		};
		78932EFB227C34ED00780DEB /* View */ = {
			isa = PBXGroup;
			children = (
				78932F0C227C485100780DEB /* HomeViewCell.swift */,
				78932F0D227C485100780DEB /* HomeViewCell.xib */,
			);
			path = View;
			sourceTree = "<group>";
		};
		78932EFC227C34F400780DEB /* Other */ = {
			isa = PBXGroup;
			children = (
				78932EFD227C351300780DEB /* ZBWaterFlowLayout.swift */,
			);
			path = Other;
			sourceTree = "<group>";
		};
		78932EFF227C365300780DEB /* Tools */ = {
			isa = PBXGroup;
			children = (
				78932F00227C36F500780DEB /* NetworkTools.swift */,
				78932F02227C399800780DEB /* KingfisherExtension.swift */,
			);
			path = Tools;
			sourceTree = "<group>";
		};
		78932F10227C5E4A00780DEB /* Live */ = {
			isa = PBXGroup;
			children = (
				78932F16227C5E6C00780DEB /* View */,
				78932F15227C5E6700780DEB /* Model */,
				78932F11227C5E6000780DEB /* RoomViewController.swift */,
				78932F12227C5E6000780DEB /* RoomViewController.xib */,
			);
			path = Live;
			sourceTree = "<group>";
		};
		78932F15227C5E6700780DEB /* Model */ = {
			isa = PBXGroup;
			children = (
			);
			path = Model;
			sourceTree = "<group>";
		};
		78932F16227C5E6C00780DEB /* View */ = {
			isa = PBXGroup;
			children = (
			);
			path = View;
			sourceTree = "<group>";
		};
		78DBA640225FAD3A00FD155D /* Extension */ = {
			isa = PBXGroup;
			children = (
				78DBA641225FAD3A00FD155D /* UIColor+ZBExtension.swift */,
				78932EF7227C348A00780DEB /* NSDate+Extension.swift */,
			);
			path = Extension;
			sourceTree = "<group>";
		};
		78DBA643225FAD5700FD155D /* Config */ = {
			isa = PBXGroup;
			children = (
				78DBA644225FAD5700FD155D /* ZBAPIConst.swift */,
				78DBA645225FAD5700FD155D /* ZBUIConst.swift */,
			);
			path = Config;
			sourceTree = "<group>";
		};
		78F574DF227D4FF800CE0D38 /* Protocol */ = {
			isa = PBXGroup;
			children = (
				78F574E0227D501600CE0D38 /* EmitterHandle.swift */,
				D19B1681227F2C6B003360E4 /* NibLoadable.swift */,
			);
			path = Protocol;
			sourceTree = "<group>";
		};
		9FCD3747EF4D7C9C12CB35F6 /* Pods */ = {
			isa = PBXGroup;
			children = (
				D6D542C983F6FDB6D112190C /* Pods-LiveStream.debug.xcconfig */,
				1D87CE73020D5B945B3BB34D /* Pods-LiveStream.release.xcconfig */,
			);
			path = Pods;
			sourceTree = "<group>";
		};
		D26BE0B0D586A744053F733A /* Frameworks */ = {
			isa = PBXGroup;
			children = (
				8EC9C78DCBEC4918C3B8BC12 /* Pods_LiveStream.framework */,
			);
			name = Frameworks;
			sourceTree = "<group>";
		};
/* End PBXGroup section */

/* Begin PBXNativeTarget section */
		786CFB25225E3BD900254D48 /* LiveStream */ = {
			isa = PBXNativeTarget;
			buildConfigurationList = 786CFB38225E3BDB00254D48 /* Build configuration list for PBXNativeTarget "LiveStream" */;
			buildPhases = (
				25D8ECC1CBBB06C6488AB73F /* [CP] Check Pods Manifest.lock */,
				786CFB22225E3BD900254D48 /* Sources */,
				786CFB23225E3BD900254D48 /* Frameworks */,
				786CFB24225E3BD900254D48 /* Resources */,
				31CEE1F7AF11C5938E342BBA /* [CP] Embed Pods Frameworks */,
			);
			buildRules = (
			);
			dependencies = (
			);
			name = LiveStream;
			productName = LiveStream;
			productReference = 786CFB26225E3BD900254D48 /* LiveStream.app */;
			productType = "com.apple.product-type.application";
		};
/* End PBXNativeTarget section */

/* Begin PBXProject section */
		786CFB1E225E3BD900254D48 /* Project object */ = {
			isa = PBXProject;
			attributes = {
				LastSwiftUpdateCheck = 1010;
				LastUpgradeCheck = 1010;
				ORGANIZATIONNAME = zzb;
				TargetAttributes = {
					786CFB25225E3BD900254D48 = {
						CreatedOnToolsVersion = 10.1;
						LastSwiftMigration = 1020;
					};
				};
			};
			buildConfigurationList = 786CFB21225E3BD900254D48 /* Build configuration list for PBXProject "LiveStream" */;
			compatibilityVersion = "Xcode 9.3";
			developmentRegion = en;
			hasScannedForEncodings = 0;
			knownRegions = (
				en,
				Base,
			);
			mainGroup = 786CFB1D225E3BD900254D48;
			productRefGroup = 786CFB27225E3BD900254D48 /* Products */;
			projectDirPath = "";
			projectRoot = "";
			targets = (
				786CFB25225E3BD900254D48 /* LiveStream */,
			);
		};
/* End PBXProject section */

/* Begin PBXResourcesBuildPhase section */
		786CFB24225E3BD900254D48 /* Resources */ = {
			isa = PBXResourcesBuildPhase;
			buildActionMask = 2147483647;
			files = (
				786CFB34225E3BDB00254D48 /* LaunchScreen.storyboard in Resources */,
				78932F14227C5E6000780DEB /* RoomViewController.xib in Resources */,
				786CFB31225E3BDB00254D48 /* Assets.xcassets in Resources */,
				78932EE2227C2ED300780DEB /* types.plist in Resources */,
				78932F0F227C485100780DEB /* HomeViewCell.xib in Resources */,
				786CFB2F225E3BD900254D48 /* Main.storyboard in Resources */,
			);
			runOnlyForDeploymentPostprocessing = 0;
		};
/* End PBXResourcesBuildPhase section */

/* Begin PBXShellScriptBuildPhase section */
		25D8ECC1CBBB06C6488AB73F /* [CP] Check Pods Manifest.lock */ = {
			isa = PBXShellScriptBuildPhase;
			buildActionMask = 2147483647;
			files = (
			);
			inputFileListPaths = (
			);
			inputPaths = (
				"${PODS_PODFILE_DIR_PATH}/Podfile.lock",
				"${PODS_ROOT}/Manifest.lock",
			);
			name = "[CP] Check Pods Manifest.lock";
			outputFileListPaths = (
			);
			outputPaths = (
				"$(DERIVED_FILE_DIR)/Pods-LiveStream-checkManifestLockResult.txt",
			);
			runOnlyForDeploymentPostprocessing = 0;
			shellPath = /bin/sh;
			shellScript = "diff \"${PODS_PODFILE_DIR_PATH}/Podfile.lock\" \"${PODS_ROOT}/Manifest.lock\" > /dev/null\nif [ $? != 0 ] ; then\n    # print error to STDERR\n    echo \"error: The sandbox is not in sync with the Podfile.lock. Run 'pod install' or update your CocoaPods installation.\" >&2\n    exit 1\nfi\n# This output is used by Xcode 'outputs' to avoid re-running this script phase.\necho \"SUCCESS\" > \"${SCRIPT_OUTPUT_FILE_0}\"\n";
			showEnvVarsInLog = 0;
		};
		31CEE1F7AF11C5938E342BBA /* [CP] Embed Pods Frameworks */ = {
			isa = PBXShellScriptBuildPhase;
			buildActionMask = 2147483647;
			files = (
			);
			inputFileListPaths = (
			);
			inputPaths = (
				"${PODS_ROOT}/Target Support Files/Pods-LiveStream/Pods-LiveStream-frameworks.sh",
				"${BUILT_PRODUCTS_DIR}/Alamofire/Alamofire.framework",
				"${BUILT_PRODUCTS_DIR}/Kingfisher/Kingfisher.framework",
			);
			name = "[CP] Embed Pods Frameworks";
			outputFileListPaths = (
			);
			outputPaths = (
				"${TARGET_BUILD_DIR}/${FRAMEWORKS_FOLDER_PATH}/Alamofire.framework",
				"${TARGET_BUILD_DIR}/${FRAMEWORKS_FOLDER_PATH}/Kingfisher.framework",
			);
			runOnlyForDeploymentPostprocessing = 0;
			shellPath = /bin/sh;
			shellScript = "\"${PODS_ROOT}/Target Support Files/Pods-LiveStream/Pods-LiveStream-frameworks.sh\"\n";
			showEnvVarsInLog = 0;
		};
/* End PBXShellScriptBuildPhase section */

/* Begin PBXSourcesBuildPhase section */
		786CFB22225E3BD900254D48 /* Sources */ = {
			isa = PBXSourcesBuildPhase;
			buildActionMask = 2147483647;
			files = (
				FF8CA98E228C07EF00EC5186 /* ZBPageCollectionView.swift in Sources */,
				78932EF5227C321900780DEB /* ZBContentView.swift in Sources */,
				78932F05227C3BD100780DEB /* HomeViewModel.swift in Sources */,
				786CFB2C225E3BD900254D48 /* ViewController.swift in Sources */,
				78932EF3227C321900780DEB /* ZBTitleView.swift in Sources */,
				78932EF6227C321900780DEB /* ZBPageView.swift in Sources */,
				786CFB58225E402B00254D48 /* RankViewController.swift in Sources */,
				78932EFE227C351300780DEB /* ZBWaterFlowLayout.swift in Sources */,
				786CFB52225E3C3A00254D48 /* MineViewController.swift in Sources */,
				78F574E1227D501600CE0D38 /* EmitterHandle.swift in Sources */,
				78932F0B227C3D3500780DEB /* AnchorViewController.swift in Sources */,
				78932F07227C3C1500780DEB /* HomeType.swift in Sources */,
				78932EE8227C30B000780DEB /* BaseModel.swift in Sources */,
				78DBA642225FAD3A00FD155D /* UIColor+ZBExtension.swift in Sources */,
				78932F03227C399800780DEB /* KingfisherExtension.swift in Sources */,
				786CFB40225E3C2C00254D48 /* ZBTabBar.swift in Sources */,
				786CFB56225E402000254D48 /* FoundViewController.swift in Sources */,
				786CFB2A225E3BD900254D48 /* AppDelegate.swift in Sources */,
				78932F01227C36F500780DEB /* NetworkTools.swift in Sources */,
				78932F09227C3C3600780DEB /* AnchorModel.swift in Sources */,
				FF8CA98D228C07EF00EC5186 /* ZBPageCollectionViewFlowLayout.swift in Sources */,
				D19B1682227F2C6B003360E4 /* NibLoadable.swift in Sources */,
				78DBA647225FAD5700FD155D /* ZBUIConst.swift in Sources */,
				78932EF8227C348A00780DEB /* NSDate+Extension.swift in Sources */,
				786CFB41225E3C2C00254D48 /* ZBNavigationController.swift in Sources */,
				78932F0E227C485100780DEB /* HomeViewCell.swift in Sources */,
				786CFB3F225E3C2C00254D48 /* ZBTabBarController.swift in Sources */,
				786CFB4F225E3C3A00254D48 /* HomeViewController.swift in Sources */,
				78932F13227C5E6000780DEB /* RoomViewController.swift in Sources */,
				78932EF4227C321900780DEB /* ZBTitleStyle.swift in Sources */,
				78DBA646225FAD5700FD155D /* ZBAPIConst.swift in Sources */,
			);
			runOnlyForDeploymentPostprocessing = 0;
		};
/* End PBXSourcesBuildPhase section */

/* Begin PBXVariantGroup section */
		786CFB2D225E3BD900254D48 /* Main.storyboard */ = {
			isa = PBXVariantGroup;
			children = (
				786CFB2E225E3BD900254D48 /* Base */,
			);
			name = Main.storyboard;
			sourceTree = "<group>";
		};
		786CFB32225E3BDB00254D48 /* LaunchScreen.storyboard */ = {
			isa = PBXVariantGroup;
			children = (
				786CFB33225E3BDB00254D48 /* Base */,
			);
			name = LaunchScreen.storyboard;
			sourceTree = "<group>";
		};
/* End PBXVariantGroup section */

/* Begin XCBuildConfiguration section */
		786CFB36225E3BDB00254D48 /* Debug */ = {
			isa = XCBuildConfiguration;
			buildSettings = {
				ALWAYS_SEARCH_USER_PATHS = NO;
				CLANG_ANALYZER_NONNULL = YES;
				CLANG_ANALYZER_NUMBER_OBJECT_CONVERSION = YES_AGGRESSIVE;
				CLANG_CXX_LANGUAGE_STANDARD = "gnu++14";
				CLANG_CXX_LIBRARY = "libc++";
				CLANG_ENABLE_MODULES = YES;
				CLANG_ENABLE_OBJC_ARC = YES;
				CLANG_ENABLE_OBJC_WEAK = YES;
				CLANG_WARN_BLOCK_CAPTURE_AUTORELEASING = YES;
				CLANG_WARN_BOOL_CONVERSION = YES;
				CLANG_WARN_COMMA = YES;
				CLANG_WARN_CONSTANT_CONVERSION = YES;
				CLANG_WARN_DEPRECATED_OBJC_IMPLEMENTATIONS = YES;
				CLANG_WARN_DIRECT_OBJC_ISA_USAGE = YES_ERROR;
				CLANG_WARN_DOCUMENTATION_COMMENTS = YES;
				CLANG_WARN_EMPTY_BODY = YES;
				CLANG_WARN_ENUM_CONVERSION = YES;
				CLANG_WARN_INFINITE_RECURSION = YES;
				CLANG_WARN_INT_CONVERSION = YES;
				CLANG_WARN_NON_LITERAL_NULL_CONVERSION = YES;
				CLANG_WARN_OBJC_IMPLICIT_RETAIN_SELF = YES;
				CLANG_WARN_OBJC_LITERAL_CONVERSION = YES;
				CLANG_WARN_OBJC_ROOT_CLASS = YES_ERROR;
				CLANG_WARN_RANGE_LOOP_ANALYSIS = YES;
				CLANG_WARN_STRICT_PROTOTYPES = YES;
				CLANG_WARN_SUSPICIOUS_MOVE = YES;
				CLANG_WARN_UNGUARDED_AVAILABILITY = YES_AGGRESSIVE;
				CLANG_WARN_UNREACHABLE_CODE = YES;
				CLANG_WARN__DUPLICATE_METHOD_MATCH = YES;
				CODE_SIGN_IDENTITY = "iPhone Developer";
				COPY_PHASE_STRIP = NO;
				DEBUG_INFORMATION_FORMAT = dwarf;
				ENABLE_STRICT_OBJC_MSGSEND = YES;
				ENABLE_TESTABILITY = YES;
				GCC_C_LANGUAGE_STANDARD = gnu11;
				GCC_DYNAMIC_NO_PIC = NO;
				GCC_NO_COMMON_BLOCKS = YES;
				GCC_OPTIMIZATION_LEVEL = 0;
				GCC_PREPROCESSOR_DEFINITIONS = (
					"DEBUG=1",
					"$(inherited)",
				);
				GCC_WARN_64_TO_32_BIT_CONVERSION = YES;
				GCC_WARN_ABOUT_RETURN_TYPE = YES_ERROR;
				GCC_WARN_UNDECLARED_SELECTOR = YES;
				GCC_WARN_UNINITIALIZED_AUTOS = YES_AGGRESSIVE;
				GCC_WARN_UNUSED_FUNCTION = YES;
				GCC_WARN_UNUSED_VARIABLE = YES;
				IPHONEOS_DEPLOYMENT_TARGET = 9.3;
				MTL_ENABLE_DEBUG_INFO = INCLUDE_SOURCE;
				MTL_FAST_MATH = YES;
				ONLY_ACTIVE_ARCH = YES;
				SDKROOT = iphoneos;
				SWIFT_ACTIVE_COMPILATION_CONDITIONS = DEBUG;
				SWIFT_OPTIMIZATION_LEVEL = "-Onone";
			};
			name = Debug;
		};
		786CFB37225E3BDB00254D48 /* Release */ = {
			isa = XCBuildConfiguration;
			buildSettings = {
				ALWAYS_SEARCH_USER_PATHS = NO;
				CLANG_ANALYZER_NONNULL = YES;
				CLANG_ANALYZER_NUMBER_OBJECT_CONVERSION = YES_AGGRESSIVE;
				CLANG_CXX_LANGUAGE_STANDARD = "gnu++14";
				CLANG_CXX_LIBRARY = "libc++";
				CLANG_ENABLE_MODULES = YES;
				CLANG_ENABLE_OBJC_ARC = YES;
				CLANG_ENABLE_OBJC_WEAK = YES;
				CLANG_WARN_BLOCK_CAPTURE_AUTORELEASING = YES;
				CLANG_WARN_BOOL_CONVERSION = YES;
				CLANG_WARN_COMMA = YES;
				CLANG_WARN_CONSTANT_CONVERSION = YES;
				CLANG_WARN_DEPRECATED_OBJC_IMPLEMENTATIONS = YES;
				CLANG_WARN_DIRECT_OBJC_ISA_USAGE = YES_ERROR;
				CLANG_WARN_DOCUMENTATION_COMMENTS = YES;
				CLANG_WARN_EMPTY_BODY = YES;
				CLANG_WARN_ENUM_CONVERSION = YES;
				CLANG_WARN_INFINITE_RECURSION = YES;
				CLANG_WARN_INT_CONVERSION = YES;
				CLANG_WARN_NON_LITERAL_NULL_CONVERSION = YES;
				CLANG_WARN_OBJC_IMPLICIT_RETAIN_SELF = YES;
				CLANG_WARN_OBJC_LITERAL_CONVERSION = YES;
				CLANG_WARN_OBJC_ROOT_CLASS = YES_ERROR;
				CLANG_WARN_RANGE_LOOP_ANALYSIS = YES;
				CLANG_WARN_STRICT_PROTOTYPES = YES;
				CLANG_WARN_SUSPICIOUS_MOVE = YES;
				CLANG_WARN_UNGUARDED_AVAILABILITY = YES_AGGRESSIVE;
				CLANG_WARN_UNREACHABLE_CODE = YES;
				CLANG_WARN__DUPLICATE_METHOD_MATCH = YES;
				CODE_SIGN_IDENTITY = "iPhone Developer";
				COPY_PHASE_STRIP = NO;
				DEBUG_INFORMATION_FORMAT = "dwarf-with-dsym";
				ENABLE_NS_ASSERTIONS = NO;
				ENABLE_STRICT_OBJC_MSGSEND = YES;
				GCC_C_LANGUAGE_STANDARD = gnu11;
				GCC_NO_COMMON_BLOCKS = YES;
				GCC_WARN_64_TO_32_BIT_CONVERSION = YES;
				GCC_WARN_ABOUT_RETURN_TYPE = YES_ERROR;
				GCC_WARN_UNDECLARED_SELECTOR = YES;
				GCC_WARN_UNINITIALIZED_AUTOS = YES_AGGRESSIVE;
				GCC_WARN_UNUSED_FUNCTION = YES;
				GCC_WARN_UNUSED_VARIABLE = YES;
				IPHONEOS_DEPLOYMENT_TARGET = 9.3;
				MTL_ENABLE_DEBUG_INFO = NO;
				MTL_FAST_MATH = YES;
				SDKROOT = iphoneos;
				SWIFT_COMPILATION_MODE = wholemodule;
				SWIFT_OPTIMIZATION_LEVEL = "-O";
				VALIDATE_PRODUCT = YES;
			};
			name = Release;
		};
		786CFB39225E3BDB00254D48 /* Debug */ = {
			isa = XCBuildConfiguration;
			baseConfigurationReference = D6D542C983F6FDB6D112190C /* Pods-LiveStream.debug.xcconfig */;
			buildSettings = {
				ASSETCATALOG_COMPILER_APPICON_NAME = AppIcon;
				ASSETCATALOG_COMPILER_LAUNCHIMAGE_NAME = LaunchImage;
				CODE_SIGN_STYLE = Automatic;
				DEVELOPMENT_TEAM = Y5WX43KK4M;
				INFOPLIST_FILE = LiveStream/Info.plist;
				IPHONEOS_DEPLOYMENT_TARGET = 9.3;
				LD_RUNPATH_SEARCH_PATHS = (
					"$(inherited)",
					"@executable_path/Frameworks",
				);
				PRODUCT_BUNDLE_IDENTIFIER = zzb.com.LiveStream;
				PRODUCT_NAME = "$(TARGET_NAME)";
				SWIFT_VERSION = 5.0;
				TARGETED_DEVICE_FAMILY = 1;
			};
			name = Debug;
		};
		786CFB3A225E3BDB00254D48 /* Release */ = {
			isa = XCBuildConfiguration;
			baseConfigurationReference = 1D87CE73020D5B945B3BB34D /* Pods-LiveStream.release.xcconfig */;
			buildSettings = {
				ASSETCATALOG_COMPILER_APPICON_NAME = AppIcon;
				ASSETCATALOG_COMPILER_LAUNCHIMAGE_NAME = LaunchImage;
				CODE_SIGN_STYLE = Automatic;
				DEVELOPMENT_TEAM = Y5WX43KK4M;
				INFOPLIST_FILE = LiveStream/Info.plist;
				IPHONEOS_DEPLOYMENT_TARGET = 9.3;
				LD_RUNPATH_SEARCH_PATHS = (
					"$(inherited)",
					"@executable_path/Frameworks",
				);
				PRODUCT_BUNDLE_IDENTIFIER = zzb.com.LiveStream;
				PRODUCT_NAME = "$(TARGET_NAME)";
				SWIFT_VERSION = 5.0;
				TARGETED_DEVICE_FAMILY = 1;
			};
			name = Release;
		};
/* End XCBuildConfiguration section */

/* Begin XCConfigurationList section */
		786CFB21225E3BD900254D48 /* Build configuration list for PBXProject "LiveStream" */ = {
			isa = XCConfigurationList;
			buildConfigurations = (
				786CFB36225E3BDB00254D48 /* Debug */,
				786CFB37225E3BDB00254D48 /* Release */,
			);
			defaultConfigurationIsVisible = 0;
			defaultConfigurationName = Release;
		};
		786CFB38225E3BDB00254D48 /* Build configuration list for PBXNativeTarget "LiveStream" */ = {
			isa = XCConfigurationList;
			buildConfigurations = (
				786CFB39225E3BDB00254D48 /* Debug */,
				786CFB3A225E3BDB00254D48 /* Release */,
			);
			defaultConfigurationIsVisible = 0;
			defaultConfigurationName = Release;
		};
/* End XCConfigurationList section */
	};
	rootObject = 786CFB1E225E3BD900254D48 /* Project object */;
}
